
Microsoft Visual Studio Solution File, Format Version 12.00
# Visual Studio Version 17
VisualStudioVersion = 17.8.34322.80
MinimumVisualStudioVersion = 10.0.40219.1
Project("{FAE04EC0-301F-11D3-BF4B-00C04F79EFBC}") = "QuestPDFAPI", "QuestPDFAPI\QuestPDFAPI.csproj", "{28D313E8-3864-43F6-87C1-0005B6F8B5B0}"
EndProject
Global
	GlobalSection(SolutionConfigurationPlatforms) = preSolution
		Debug|Any CPU = Debug|Any CPU
		Release|Any CPU = Release|Any CPU
	EndGlobalSection
	GlobalSection(ProjectConfigurationPlatforms) = postSolution
		{28D313E8-3864-43F6-87C1-0005B6F8B5B0}.Debug|Any CPU.ActiveCfg = Debug|Any CPU
		{28D313E8-3864-43F6-87C1-0005B6F8B5B0}.Debug|Any CPU.Build.0 = Debug|Any CPU
		{28D313E8-3864-43F6-87C1-0005B6F8B5B0}.Release|Any CPU.ActiveCfg = Release|Any CPU
		{28D313E8-3864-43F6-87C1-0005B6F8B5B0}.Release|Any CPU.Build.0 = Release|Any CPU
	EndGlobalSection
	GlobalSection(SolutionProperties) = preSolution
		HideSolutionNode = FALSE
	EndGlobalSection
	GlobalSection(ExtensibilityGlobals) = postSolution
		SolutionGuid = {EAF8194A-2764-4EF7-BE18-2296E8F7BD3D}
	EndGlobalSection
EndGlobal
