
Microsoft Visual Studio Solution File, Format Version 12.00
# Visual Studio Version 17
VisualStudioVersion = 17.8.34322.80
MinimumVisualStudioVersion = 10.0.40219.1
Project("{9A19103F-16F7-4668-BE54-9A1E7A4F7556}") = "QuestPDFAPI", "QuestPDFAPI\QuestPDFAPI.csproj", "{28D313E8-3864-43F6-87C1-0005B6F8B5B0}"
EndProject
Project("{2150E333-8FDC-42A3-9474-1A3956D46DE8}") = "Documents", "Documents", "{58A6EBEF-49F0-4F5F-A1FC-B87E403B07E7}"
	ProjectSection(SolutionItems) = preProject
		README.md = README.md
	EndProjectSection
EndProject
Global
	GlobalSection(SolutionConfigurationPlatforms) = preSolution
		Debug|Any CPU = Debug|Any CPU
		Release|Any CPU = Release|Any CPU
	EndGlobalSection
	GlobalSection(ProjectConfigurationPlatforms) = postSolution
		{28D313E8-3864-43F6-87C1-0005B6F8B5B0}.Debug|Any CPU.ActiveCfg = Debug|Any CPU
		{28D313E8-3864-43F6-87C1-0005B6F8B5B0}.Debug|Any CPU.Build.0 = Debug|Any CPU
		{28D313E8-3864-43F6-87C1-0005B6F8B5B0}.Release|Any CPU.ActiveCfg = Release|Any CPU
		{28D313E8-3864-43F6-87C1-0005B6F8B5B0}.Release|Any CPU.Build.0 = Release|Any CPU
	EndGlobalSection
	GlobalSection(SolutionProperties) = preSolution
		HideSolutionNode = FALSE
	EndGlobalSection
	GlobalSection(ExtensibilityGlobals) = postSolution
		SolutionGuid = {EAF8194A-2764-4EF7-BE18-2296E8F7BD3D}
	EndGlobalSection
EndGlobal
